
Microsoft Visual Studio Solution File, Format Version 12.00
# Visual Studio 2013
VisualStudioVersion = 12.0.30110.0
MinimumVisualStudioVersion = 10.0.40219.1
Project("{FAE04EC0-301F-11D3-BF4B-00C04F79EFBC}") = "Core", "Core\Core.csproj", "{75C23FB3-591B-41FF-A11C-442BC8070307}"
EndProject
Project("{FAE04EC0-301F-11D3-BF4B-00C04F79EFBC}") = "Service", "Service\Service.csproj", "{5E27C90C-6805-4F90-83DB-3B140BF01348}"
EndProject
Project("{FAE04EC0-301F-11D3-BF4B-00C04F79EFBC}") = "Web", "Web\Web.csproj", "{6CD8C5AC-2AEE-4D01-BCDC-521227148EBF}"
EndProject
Project("{FAE04EC0-301F-11D3-BF4B-00C04F79EFBC}") = "Web.Tests", "Web.Tests\Web.Tests.csproj", "{38E1812F-41C0-47A3-9D93-A04032EA0A5E}"
EndProject
Project("{FAE04EC0-301F-11D3-BF4B-00C04F79EFBC}") = "DependencyResolution", "DependencyResolution\DependencyResolution.csproj", "{738BCBC7-A823-4D22-A1C5-7C7ACA7CD2BF}"
EndProject
Project("{FAE04EC0-301F-11D3-BF4B-00C04F79EFBC}") = "DataAccess", "DataAccess\DataAccess.csproj", "{C2B9E643-DBE3-4706-ABBF-2D7303CD37C9}"
EndProject
Global
	GlobalSection(SolutionConfigurationPlatforms) = preSolution
		Debug|Any CPU = Debug|Any CPU
		Release|Any CPU = Release|Any CPU
	EndGlobalSection
	GlobalSection(ProjectConfigurationPlatforms) = postSolution
		{75C23FB3-591B-41FF-A11C-442BC8070307}.Debug|Any CPU.ActiveCfg = Debug|Any CPU
		{75C23FB3-591B-41FF-A11C-442BC8070307}.Debug|Any CPU.Build.0 = Debug|Any CPU
		{75C23FB3-591B-41FF-A11C-442BC8070307}.Release|Any CPU.ActiveCfg = Release|Any CPU
		{75C23FB3-591B-41FF-A11C-442BC8070307}.Release|Any CPU.Build.0 = Release|Any CPU
		{5E27C90C-6805-4F90-83DB-3B140BF01348}.Debug|Any CPU.ActiveCfg = Debug|Any CPU
		{5E27C90C-6805-4F90-83DB-3B140BF01348}.Debug|Any CPU.Build.0 = Debug|Any CPU
		{5E27C90C-6805-4F90-83DB-3B140BF01348}.Release|Any CPU.ActiveCfg = Release|Any CPU
		{5E27C90C-6805-4F90-83DB-3B140BF01348}.Release|Any CPU.Build.0 = Release|Any CPU
		{6CD8C5AC-2AEE-4D01-BCDC-521227148EBF}.Debug|Any CPU.ActiveCfg = Debug|Any CPU
		{6CD8C5AC-2AEE-4D01-BCDC-521227148EBF}.Debug|Any CPU.Build.0 = Debug|Any CPU
		{6CD8C5AC-2AEE-4D01-BCDC-521227148EBF}.Release|Any CPU.ActiveCfg = Release|Any CPU
		{6CD8C5AC-2AEE-4D01-BCDC-521227148EBF}.Release|Any CPU.Build.0 = Release|Any CPU
		{38E1812F-41C0-47A3-9D93-A04032EA0A5E}.Debug|Any CPU.ActiveCfg = Debug|Any CPU
		{38E1812F-41C0-47A3-9D93-A04032EA0A5E}.Debug|Any CPU.Build.0 = Debug|Any CPU
		{38E1812F-41C0-47A3-9D93-A04032EA0A5E}.Release|Any CPU.ActiveCfg = Release|Any CPU
		{38E1812F-41C0-47A3-9D93-A04032EA0A5E}.Release|Any CPU.Build.0 = Release|Any CPU
		{738BCBC7-A823-4D22-A1C5-7C7ACA7CD2BF}.Debug|Any CPU.ActiveCfg = Debug|Any CPU
		{738BCBC7-A823-4D22-A1C5-7C7ACA7CD2BF}.Debug|Any CPU.Build.0 = Debug|Any CPU
		{738BCBC7-A823-4D22-A1C5-7C7ACA7CD2BF}.Release|Any CPU.ActiveCfg = Release|Any CPU
		{738BCBC7-A823-4D22-A1C5-7C7ACA7CD2BF}.Release|Any CPU.Build.0 = Release|Any CPU
		{C2B9E643-DBE3-4706-ABBF-2D7303CD37C9}.Debug|Any CPU.ActiveCfg = Debug|Any CPU
		{C2B9E643-DBE3-4706-ABBF-2D7303CD37C9}.Debug|Any CPU.Build.0 = Debug|Any CPU
		{C2B9E643-DBE3-4706-ABBF-2D7303CD37C9}.Release|Any CPU.ActiveCfg = Release|Any CPU
		{C2B9E643-DBE3-4706-ABBF-2D7303CD37C9}.Release|Any CPU.Build.0 = Release|Any CPU
	EndGlobalSection
	GlobalSection(SolutionProperties) = preSolution
		HideSolutionNode = FALSE
	EndGlobalSection
EndGlobal
